
Microsoft Visual Studio Solution File, Format Version 12.00
# Visual Studio Version 16
VisualStudioVersion = 25.0.1705.7
MinimumVisualStudioVersion = 10.0.40219.1
Project("{FAE04EC0-301F-11D3-BF4B-00C04F79EFBC}") = "buildingblocksapp", "buildingblocksapp\buildingblocksapp.csproj", "{FD3EFB1F-D62D-4FD3-975B-692A5C1E4023}"
EndProject
Global
	GlobalSection(SolutionConfigurationPlatforms) = preSolution
		Debug|Any CPU = Debug|Any CPU
		Release|Any CPU = Release|Any CPU
	EndGlobalSection
	GlobalSection(ProjectConfigurationPlatforms) = postSolution
		{FD3EFB1F-D62D-4FD3-975B-692A5C1E4023}.Debug|Any CPU.ActiveCfg = Debug|Any CPU
		{FD3EFB1F-D62D-4FD3-975B-692A5C1E4023}.Debug|Any CPU.Build.0 = Debug|Any CPU
		{FD3EFB1F-D62D-4FD3-975B-692A5C1E4023}.Release|Any CPU.ActiveCfg = Release|Any CPU
		{FD3EFB1F-D62D-4FD3-975B-692A5C1E4023}.Release|Any CPU.Build.0 = Release|Any CPU
	EndGlobalSection
	GlobalSection(SolutionProperties) = preSolution
		HideSolutionNode = FALSE
	EndGlobalSection
	GlobalSection(ExtensibilityGlobals) = postSolution
		SolutionGuid = {6E9F14FD-C16F-4918-998F-AD047C1B8036}
	EndGlobalSection
EndGlobal
